
Microsoft Visual Studio Solution File, Format Version 12.00
# Visual Studio Version 16
VisualStudioVersion = 16.0.810.14
MinimumVisualStudioVersion = 10.0.40219.1
Project("{FAE04EC0-301F-11D3-BF4B-00C04F79EFBC}") = "MyAge", "MyAge.csproj", "{4DD75222-E5DF-40A4-8B57-85994E0D51F9}"
EndProject
Global
	GlobalSection(SolutionConfigurationPlatforms) = preSolution
		Debug|anycpu = Debug|anycpu
		Release|anycpu = Release|anycpu
	EndGlobalSection
	GlobalSection(ProjectConfigurationPlatforms) = postSolution
		{4DD75222-E5DF-40A4-8B57-85994E0D51F9}.Debug|anycpu.ActiveCfg = Debug|anycpu
		{4DD75222-E5DF-40A4-8B57-85994E0D51F9}.Debug|anycpu.Build.0 = Debug|anycpu
		{4DD75222-E5DF-40A4-8B57-85994E0D51F9}.Release|anycpu.ActiveCfg = Release|anycpu
		{4DD75222-E5DF-40A4-8B57-85994E0D51F9}.Release|anycpu.Build.0 = Release|anycpu
	EndGlobalSection
	GlobalSection(SolutionProperties) = preSolution
		HideSolutionNode = FALSE
	EndGlobalSection
	GlobalSection(ExtensibilityGlobals) = postSolution
		SolutionGuid = {712881DA-52DD-4C01-8C11-AEEE496EB343}
	EndGlobalSection
EndGlobal
